
Microsoft Visual Studio Solution File, Format Version 12.00
# Visual Studio Version 16
VisualStudioVersion = 16.0.29613.14
MinimumVisualStudioVersion = 10.0.40219.1
Project("{B1E792BE-AA5F-4E3C-8C82-674BF9C0715B}") = "TwinCAT Project1", "TwinCAT Project1\TwinCAT Project1.tsproj", "{BE3DFCD1-0B1D-4249-B434-350641385355}"
EndProject
Global
	GlobalSection(SolutionConfigurationPlatforms) = preSolution
		Debug|TwinCAT CE7 (ARMV7) = Debug|TwinCAT CE7 (ARMV7)
		Debug|TwinCAT OS (ARMT2) = Debug|TwinCAT OS (ARMT2)
		Debug|TwinCAT RT (x64) = Debug|TwinCAT RT (x64)
		Debug|TwinCAT RT (x86) = Debug|TwinCAT RT (x86)
		Release|TwinCAT CE7 (ARMV7) = Release|TwinCAT CE7 (ARMV7)
		Release|TwinCAT OS (ARMT2) = Release|TwinCAT OS (ARMT2)
		Release|TwinCAT RT (x64) = Release|TwinCAT RT (x64)
		Release|TwinCAT RT (x86) = Release|TwinCAT RT (x86)
	EndGlobalSection
	GlobalSection(ProjectConfigurationPlatforms) = postSolution
		{BE3DFCD1-0B1D-4249-B434-350641385355}.Debug|TwinCAT CE7 (ARMV7).ActiveCfg = Debug|TwinCAT CE7 (ARMV7)
		{BE3DFCD1-0B1D-4249-B434-350641385355}.Debug|TwinCAT CE7 (ARMV7).Build.0 = Debug|TwinCAT CE7 (ARMV7)
		{BE3DFCD1-0B1D-4249-B434-350641385355}.Debug|TwinCAT OS (ARMT2).ActiveCfg = Debug|TwinCAT OS (ARMT2)
		{BE3DFCD1-0B1D-4249-B434-350641385355}.Debug|TwinCAT OS (ARMT2).Build.0 = Debug|TwinCAT OS (ARMT2)
		{BE3DFCD1-0B1D-4249-B434-350641385355}.Debug|TwinCAT RT (x64).ActiveCfg = Debug|TwinCAT RT (x64)
		{BE3DFCD1-0B1D-4249-B434-350641385355}.Debug|TwinCAT RT (x64).Build.0 = Debug|TwinCAT RT (x64)
		{BE3DFCD1-0B1D-4249-B434-350641385355}.Debug|TwinCAT RT (x86).ActiveCfg = Debug|TwinCAT RT (x86)
		{BE3DFCD1-0B1D-4249-B434-350641385355}.Debug|TwinCAT RT (x86).Build.0 = Debug|TwinCAT RT (x86)
		{BE3DFCD1-0B1D-4249-B434-350641385355}.Release|TwinCAT CE7 (ARMV7).ActiveCfg = Release|TwinCAT CE7 (ARMV7)
		{BE3DFCD1-0B1D-4249-B434-350641385355}.Release|TwinCAT CE7 (ARMV7).Build.0 = Release|TwinCAT CE7 (ARMV7)
		{BE3DFCD1-0B1D-4249-B434-350641385355}.Release|TwinCAT OS (ARMT2).ActiveCfg = Release|TwinCAT OS (ARMT2)
		{BE3DFCD1-0B1D-4249-B434-350641385355}.Release|TwinCAT OS (ARMT2).Build.0 = Release|TwinCAT OS (ARMT2)
		{BE3DFCD1-0B1D-4249-B434-350641385355}.Release|TwinCAT RT (x64).ActiveCfg = Release|TwinCAT RT (x64)
		{BE3DFCD1-0B1D-4249-B434-350641385355}.Release|TwinCAT RT (x64).Build.0 = Release|TwinCAT RT (x64)
		{BE3DFCD1-0B1D-4249-B434-350641385355}.Release|TwinCAT RT (x86).ActiveCfg = Release|TwinCAT RT (x86)
		{BE3DFCD1-0B1D-4249-B434-350641385355}.Release|TwinCAT RT (x86).Build.0 = Release|TwinCAT RT (x86)
		{0D3B2F7A-CA6E-437D-9D28-9A300EFD93C5}.Debug|TwinCAT CE7 (ARMV7).ActiveCfg = Debug|TwinCAT CE7 (ARMV7)
		{0D3B2F7A-CA6E-437D-9D28-9A300EFD93C5}.Debug|TwinCAT CE7 (ARMV7).Build.0 = Debug|TwinCAT CE7 (ARMV7)
		{0D3B2F7A-CA6E-437D-9D28-9A300EFD93C5}.Debug|TwinCAT OS (ARMT2).ActiveCfg = Debug|TwinCAT OS (ARMT2)
		{0D3B2F7A-CA6E-437D-9D28-9A300EFD93C5}.Debug|TwinCAT OS (ARMT2).Build.0 = Debug|TwinCAT OS (ARMT2)
		{0D3B2F7A-CA6E-437D-9D28-9A300EFD93C5}.Debug|TwinCAT RT (x64).ActiveCfg = Debug|TwinCAT RT (x64)
		{0D3B2F7A-CA6E-437D-9D28-9A300EFD93C5}.Debug|TwinCAT RT (x64).Build.0 = Debug|TwinCAT RT (x64)
		{0D3B2F7A-CA6E-437D-9D28-9A300EFD93C5}.Debug|TwinCAT RT (x86).ActiveCfg = Debug|TwinCAT RT (x86)
		{0D3B2F7A-CA6E-437D-9D28-9A300EFD93C5}.Debug|TwinCAT RT (x86).Build.0 = Debug|TwinCAT RT (x86)
		{0D3B2F7A-CA6E-437D-9D28-9A300EFD93C5}.Release|TwinCAT CE7 (ARMV7).ActiveCfg = Release|TwinCAT CE7 (ARMV7)
		{0D3B2F7A-CA6E-437D-9D28-9A300EFD93C5}.Release|TwinCAT CE7 (ARMV7).Build.0 = Release|TwinCAT CE7 (ARMV7)
		{0D3B2F7A-CA6E-437D-9D28-9A300EFD93C5}.Release|TwinCAT OS (ARMT2).ActiveCfg = Release|TwinCAT OS (ARMT2)
		{0D3B2F7A-CA6E-437D-9D28-9A300EFD93C5}.Release|TwinCAT OS (ARMT2).Build.0 = Release|TwinCAT OS (ARMT2)
		{0D3B2F7A-CA6E-437D-9D28-9A300EFD93C5}.Release|TwinCAT RT (x64).ActiveCfg = Release|TwinCAT RT (x64)
		{0D3B2F7A-CA6E-437D-9D28-9A300EFD93C5}.Release|TwinCAT RT (x64).Build.0 = Release|TwinCAT RT (x64)
		{0D3B2F7A-CA6E-437D-9D28-9A300EFD93C5}.Release|TwinCAT RT (x86).ActiveCfg = Release|TwinCAT RT (x86)
		{0D3B2F7A-CA6E-437D-9D28-9A300EFD93C5}.Release|TwinCAT RT (x86).Build.0 = Release|TwinCAT RT (x86)
	EndGlobalSection
	GlobalSection(SolutionProperties) = preSolution
		HideSolutionNode = FALSE
	EndGlobalSection
	GlobalSection(ExtensibilityGlobals) = postSolution
		SolutionGuid = {C334567D-4A5B-405B-B2DB-4A9630EB2EDE}
	EndGlobalSection
EndGlobal
